
Microsoft Visual Studio Solution File, Format Version 12.00
# Visual Studio Version 16
VisualStudioVersion = 16.0.30330.147
MinimumVisualStudioVersion = 10.0.40219.1
Project("{FAE04EC0-301F-11D3-BF4B-00C04F79EFBC}") = "ShopAccounting", "ShopAccounting\ShopAccounting.csproj", "{3A8B9626-75B5-4652-A48E-690D2586D86D}"
EndProject
Project("{FAE04EC0-301F-11D3-BF4B-00C04F79EFBC}") = "Accounting.DataLayer", "Accounting.DataLayer\Accounting.DataLayer.csproj", "{E2A64ABB-9539-4B8B-A755-348310D23269}"
EndProject
Project("{FAE04EC0-301F-11D3-BF4B-00C04F79EFBC}") = "Accounting.Utility", "Accounting.Utility\Accounting.Utility.csproj", "{78CA9CB5-F441-4DCF-80FC-DC169C9855CF}"
EndProject
Project("{FAE04EC0-301F-11D3-BF4B-00C04F79EFBC}") = "Accounting.ViewModel", "Accounting.ViewModel\Accounting.ViewModel.csproj", "{FC74FA97-9052-4A00-AAE3-A338B6C4D725}"
EndProject
Project("{FAE04EC0-301F-11D3-BF4B-00C04F79EFBC}") = "Accounting.Bussines", "Accounting.Bussines\Accounting.Bussines.csproj", "{73EC361C-D08A-41EC-91E8-55B18D52E8B8}"
EndProject
Global
	GlobalSection(SolutionConfigurationPlatforms) = preSolution
		Debug|Any CPU = Debug|Any CPU
		Release|Any CPU = Release|Any CPU
	EndGlobalSection
	GlobalSection(ProjectConfigurationPlatforms) = postSolution
		{3A8B9626-75B5-4652-A48E-690D2586D86D}.Debug|Any CPU.ActiveCfg = Debug|Any CPU
		{3A8B9626-75B5-4652-A48E-690D2586D86D}.Debug|Any CPU.Build.0 = Debug|Any CPU
		{3A8B9626-75B5-4652-A48E-690D2586D86D}.Release|Any CPU.ActiveCfg = Release|Any CPU
		{3A8B9626-75B5-4652-A48E-690D2586D86D}.Release|Any CPU.Build.0 = Release|Any CPU
		{E2A64ABB-9539-4B8B-A755-348310D23269}.Debug|Any CPU.ActiveCfg = Debug|Any CPU
		{E2A64ABB-9539-4B8B-A755-348310D23269}.Debug|Any CPU.Build.0 = Debug|Any CPU
		{E2A64ABB-9539-4B8B-A755-348310D23269}.Release|Any CPU.ActiveCfg = Release|Any CPU
		{E2A64ABB-9539-4B8B-A755-348310D23269}.Release|Any CPU.Build.0 = Release|Any CPU
		{78CA9CB5-F441-4DCF-80FC-DC169C9855CF}.Debug|Any CPU.ActiveCfg = Debug|Any CPU
		{78CA9CB5-F441-4DCF-80FC-DC169C9855CF}.Debug|Any CPU.Build.0 = Debug|Any CPU
		{78CA9CB5-F441-4DCF-80FC-DC169C9855CF}.Release|Any CPU.ActiveCfg = Release|Any CPU
		{78CA9CB5-F441-4DCF-80FC-DC169C9855CF}.Release|Any CPU.Build.0 = Release|Any CPU
		{FC74FA97-9052-4A00-AAE3-A338B6C4D725}.Debug|Any CPU.ActiveCfg = Debug|Any CPU
		{FC74FA97-9052-4A00-AAE3-A338B6C4D725}.Debug|Any CPU.Build.0 = Debug|Any CPU
		{FC74FA97-9052-4A00-AAE3-A338B6C4D725}.Release|Any CPU.ActiveCfg = Release|Any CPU
		{FC74FA97-9052-4A00-AAE3-A338B6C4D725}.Release|Any CPU.Build.0 = Release|Any CPU
		{73EC361C-D08A-41EC-91E8-55B18D52E8B8}.Debug|Any CPU.ActiveCfg = Debug|Any CPU
		{73EC361C-D08A-41EC-91E8-55B18D52E8B8}.Debug|Any CPU.Build.0 = Debug|Any CPU
		{73EC361C-D08A-41EC-91E8-55B18D52E8B8}.Release|Any CPU.ActiveCfg = Release|Any CPU
		{73EC361C-D08A-41EC-91E8-55B18D52E8B8}.Release|Any CPU.Build.0 = Release|Any CPU
	EndGlobalSection
	GlobalSection(SolutionProperties) = preSolution
		HideSolutionNode = FALSE
	EndGlobalSection
	GlobalSection(ExtensibilityGlobals) = postSolution
		SolutionGuid = {3895F800-61BB-49F2-BC0C-06537772839B}
	EndGlobalSection
EndGlobal
